
Microsoft Visual Studio Solution File, Format Version 12.00
# Visual Studio Version 16
VisualStudioVersion = 16.0.31729.503
MinimumVisualStudioVersion = 10.0.40219.1
Project("{FAE04EC0-301F-11D3-BF4B-00C04F79EFBC}") = "Supermarket", "Supermarket\Supermarket.csproj", "{2CF4084C-4677-402F-A013-0F5A6350E97E}"
EndProject
Global
	GlobalSection(SolutionConfigurationPlatforms) = preSolution
		Debug|Any CPU = Debug|Any CPU
		Release|Any CPU = Release|Any CPU
	EndGlobalSection
	GlobalSection(ProjectConfigurationPlatforms) = postSolution
		{2CF4084C-4677-402F-A013-0F5A6350E97E}.Debug|Any CPU.ActiveCfg = Debug|Any CPU
		{2CF4084C-4677-402F-A013-0F5A6350E97E}.Debug|Any CPU.Build.0 = Debug|Any CPU
		{2CF4084C-4677-402F-A013-0F5A6350E97E}.Release|Any CPU.ActiveCfg = Release|Any CPU
		{2CF4084C-4677-402F-A013-0F5A6350E97E}.Release|Any CPU.Build.0 = Release|Any CPU
	EndGlobalSection
	GlobalSection(SolutionProperties) = preSolution
		HideSolutionNode = FALSE
	EndGlobalSection
	GlobalSection(ExtensibilityGlobals) = postSolution
		SolutionGuid = {D063DB0F-5A91-4437-97F8-A0C2B4860547}
	EndGlobalSection
EndGlobal
